
Microsoft Visual Studio Solution File, Format Version 12.00
# Visual Studio 15
VisualStudioVersion = 15.0.27703.2035
MinimumVisualStudioVersion = 10.0.40219.1
Project("{9092AA53-FB77-4645-B42D-1CCCA6BD08BD}") = "WebAssemblyPOC", "WebAssemblyPOC\WebAssemblyPOC.njsproj", "{FB4F5D19-5E0A-473A-993C-05E13097FE83}"
EndProject
Global
	GlobalSection(SolutionConfigurationPlatforms) = preSolution
		Debug|Any CPU = Debug|Any CPU
		Release|Any CPU = Release|Any CPU
	EndGlobalSection
	GlobalSection(ProjectConfigurationPlatforms) = postSolution
		{FB4F5D19-5E0A-473A-993C-05E13097FE83}.Debug|Any CPU.ActiveCfg = Debug|Any CPU
		{FB4F5D19-5E0A-473A-993C-05E13097FE83}.Debug|Any CPU.Build.0 = Debug|Any CPU
		{FB4F5D19-5E0A-473A-993C-05E13097FE83}.Release|Any CPU.ActiveCfg = Release|Any CPU
		{FB4F5D19-5E0A-473A-993C-05E13097FE83}.Release|Any CPU.Build.0 = Release|Any CPU
	EndGlobalSection
	GlobalSection(SolutionProperties) = preSolution
		HideSolutionNode = FALSE
	EndGlobalSection
	GlobalSection(ExtensibilityGlobals) = postSolution
		SolutionGuid = {26B2B034-1926-45A9-9B20-9DB3ADD1B687}
	EndGlobalSection
EndGlobal
